
Microsoft Visual Studio Solution File, Format Version 12.00
# Visual Studio Version 17
VisualStudioVersion = 17.9.34701.34
MinimumVisualStudioVersion = 10.0.40219.1
Project("{9A19103F-16F7-4668-BE54-9A1E7A4F7556}") = "UserManager.Main", "UserManager.Main\UserManager.Main.csproj", "{B075394D-628C-44D6-B1B7-0F1923FDF17C}"
EndProject
Project("{9A19103F-16F7-4668-BE54-9A1E7A4F7556}") = "UserManager.Main.Contracts", "UserManager.Main.Contracts\UserManager.Main.Contracts.csproj", "{E4BC092C-A4B2-41F6-9BEB-EF9A536C3709}"
EndProject
Project("{9A19103F-16F7-4668-BE54-9A1E7A4F7556}") = "UserManager.Data", "UserManager.Data\UserManager.Data.csproj", "{F6FEAE91-F655-498E-B824-BE605C49E5F3}"
EndProject
Project("{9A19103F-16F7-4668-BE54-9A1E7A4F7556}") = "UserManager.Admin", "UserManager.Admin\UserManager.Admin.csproj", "{A4CC1F59-F455-4534-A339-C4C69D18550D}"
EndProject
Project("{9A19103F-16F7-4668-BE54-9A1E7A4F7556}") = "UserManager.Api", "UserManager.Api\UserManager.Api.csproj", "{DCD3E07E-77BF-49E1-8A93-DD2E3CD7FC53}"
EndProject
Global
	GlobalSection(SolutionConfigurationPlatforms) = preSolution
		Debug|Any CPU = Debug|Any CPU
		Release|Any CPU = Release|Any CPU
	EndGlobalSection
	GlobalSection(ProjectConfigurationPlatforms) = postSolution
		{B075394D-628C-44D6-B1B7-0F1923FDF17C}.Debug|Any CPU.ActiveCfg = Debug|Any CPU
		{B075394D-628C-44D6-B1B7-0F1923FDF17C}.Debug|Any CPU.Build.0 = Debug|Any CPU
		{B075394D-628C-44D6-B1B7-0F1923FDF17C}.Release|Any CPU.ActiveCfg = Release|Any CPU
		{B075394D-628C-44D6-B1B7-0F1923FDF17C}.Release|Any CPU.Build.0 = Release|Any CPU
		{E4BC092C-A4B2-41F6-9BEB-EF9A536C3709}.Debug|Any CPU.ActiveCfg = Debug|Any CPU
		{E4BC092C-A4B2-41F6-9BEB-EF9A536C3709}.Debug|Any CPU.Build.0 = Debug|Any CPU
		{E4BC092C-A4B2-41F6-9BEB-EF9A536C3709}.Release|Any CPU.ActiveCfg = Release|Any CPU
		{E4BC092C-A4B2-41F6-9BEB-EF9A536C3709}.Release|Any CPU.Build.0 = Release|Any CPU
		{F6FEAE91-F655-498E-B824-BE605C49E5F3}.Debug|Any CPU.ActiveCfg = Debug|Any CPU
		{F6FEAE91-F655-498E-B824-BE605C49E5F3}.Debug|Any CPU.Build.0 = Debug|Any CPU
		{F6FEAE91-F655-498E-B824-BE605C49E5F3}.Release|Any CPU.ActiveCfg = Release|Any CPU
		{F6FEAE91-F655-498E-B824-BE605C49E5F3}.Release|Any CPU.Build.0 = Release|Any CPU
		{A4CC1F59-F455-4534-A339-C4C69D18550D}.Debug|Any CPU.ActiveCfg = Debug|Any CPU
		{A4CC1F59-F455-4534-A339-C4C69D18550D}.Debug|Any CPU.Build.0 = Debug|Any CPU
		{A4CC1F59-F455-4534-A339-C4C69D18550D}.Release|Any CPU.ActiveCfg = Release|Any CPU
		{A4CC1F59-F455-4534-A339-C4C69D18550D}.Release|Any CPU.Build.0 = Release|Any CPU
		{DCD3E07E-77BF-49E1-8A93-DD2E3CD7FC53}.Debug|Any CPU.ActiveCfg = Debug|Any CPU
		{DCD3E07E-77BF-49E1-8A93-DD2E3CD7FC53}.Debug|Any CPU.Build.0 = Debug|Any CPU
		{DCD3E07E-77BF-49E1-8A93-DD2E3CD7FC53}.Release|Any CPU.ActiveCfg = Release|Any CPU
		{DCD3E07E-77BF-49E1-8A93-DD2E3CD7FC53}.Release|Any CPU.Build.0 = Release|Any CPU
	EndGlobalSection
	GlobalSection(SolutionProperties) = preSolution
		HideSolutionNode = FALSE
	EndGlobalSection
	GlobalSection(ExtensibilityGlobals) = postSolution
		SolutionGuid = {DB29ECDA-2850-472C-9265-4F502914687E}
	EndGlobalSection
EndGlobal
